Microsoft Visual Studio Solution File, Format Version 11.00
# Visual Studio 2008

Project("{B6F02C9D-2E32-06BA-FAEA-FB3E8D05EAA1}") = "BraveAstronaut", "Assembly-CSharp.csproj", "{943C2236-A997-E661-F453-A666FF7D3DAC}"
EndProject
Global
	GlobalSection(SolutionConfigurationPlatforms) = preSolution
		Debug|Any CPU = Debug|Any CPU
		Release|Any CPU = Release|Any CPU
	EndGlobalSection
	GlobalSection(ProjectConfigurationPlatforms) = postSolution
		{943C2236-A997-E661-F453-A666FF7D3DAC}.Debug|Any CPU.ActiveCfg = Debug|Any CPU
		{943C2236-A997-E661-F453-A666FF7D3DAC}.Debug|Any CPU.Build.0 = Debug|Any CPU
		{943C2236-A997-E661-F453-A666FF7D3DAC}.Release|Any CPU.ActiveCfg = Release|Any CPU
		{943C2236-A997-E661-F453-A666FF7D3DAC}.Release|Any CPU.Build.0 = Release|Any CPU
	EndGlobalSection
	GlobalSection(SolutionProperties) = preSolution
		HideSolutionNode = FALSE
	EndGlobalSection
																												GlobalSection(MonoDevelopProperties) = preSolution
		StartupItem = Assembly-CSharp.csproj
		Policies = $0
		$0.TextStylePolicy = $1
		$1.inheritsSet = null
		$1.scope = text/x-csharp
		$0.CSharpFormattingPolicy = $2
		$2.inheritsSet = Mono
		$2.inheritsScope = text/x-csharp
		$2.scope = text/x-csharp
		$0.TextStylePolicy = $3
		$3.FileWidth = 120
		$3.TabWidth = 4
		$3.IndentWidth = 4
		$3.EolMarker = Unix
		$3.inheritsSet = Mono
		$3.inheritsScope = text/plain
		$3.scope = text/plain
	EndGlobalSection

EndGlobal
